
Microsoft Visual Studio Solution File, Format Version 12.00
# Visual Studio Version 17
VisualStudioVersion = 17.8.34330.188
MinimumVisualStudioVersion = 10.0.40219.1
Project("{FAE04EC0-301F-11D3-BF4B-00C04F79EFBC}") = "MagicVilla_VillaAPI", "MagicVilla_VillaAPI.csproj", "{CCAEF10D-D31C-42C0-954A-CADCB4DA7F0A}"
EndProject
Global
	GlobalSection(SolutionConfigurationPlatforms) = preSolution
		Debug|Any CPU = Debug|Any CPU
		Release|Any CPU = Release|Any CPU
	EndGlobalSection
	GlobalSection(ProjectConfigurationPlatforms) = postSolution
		{CCAEF10D-D31C-42C0-954A-CADCB4DA7F0A}.Debug|Any CPU.ActiveCfg = Debug|Any CPU
		{CCAEF10D-D31C-42C0-954A-CADCB4DA7F0A}.Debug|Any CPU.Build.0 = Debug|Any CPU
		{CCAEF10D-D31C-42C0-954A-CADCB4DA7F0A}.Release|Any CPU.ActiveCfg = Release|Any CPU
		{CCAEF10D-D31C-42C0-954A-CADCB4DA7F0A}.Release|Any CPU.Build.0 = Release|Any CPU
	EndGlobalSection
	GlobalSection(SolutionProperties) = preSolution
		HideSolutionNode = FALSE
	EndGlobalSection
	GlobalSection(ExtensibilityGlobals) = postSolution
		SolutionGuid = {BC7768F2-4095-4F7F-B43F-DFB1D689B846}
	EndGlobalSection
EndGlobal
